
Microsoft Visual Studio Solution File, Format Version 12.00
# Visual Studio Version 17
VisualStudioVersion = 17.3.32922.545
MinimumVisualStudioVersion = 10.0.40219.1
Project("{FAE04EC0-301F-11D3-BF4B-00C04F79EFBC}") = "HRSH-Shard-Client", "HRSH-Shard-Client.csproj", "{B20DEA0D-DFA0-4FCC-967A-640E526B5A1C}"
EndProject
Global
	GlobalSection(SolutionConfigurationPlatforms) = preSolution
		Debug|Any CPU = Debug|Any CPU
		Release|Any CPU = Release|Any CPU
	EndGlobalSection
	GlobalSection(ProjectConfigurationPlatforms) = postSolution
		{B20DEA0D-DFA0-4FCC-967A-640E526B5A1C}.Debug|Any CPU.ActiveCfg = Debug|Any CPU
		{B20DEA0D-DFA0-4FCC-967A-640E526B5A1C}.Debug|Any CPU.Build.0 = Debug|Any CPU
		{B20DEA0D-DFA0-4FCC-967A-640E526B5A1C}.Release|Any CPU.ActiveCfg = Release|Any CPU
		{B20DEA0D-DFA0-4FCC-967A-640E526B5A1C}.Release|Any CPU.Build.0 = Release|Any CPU
	EndGlobalSection
	GlobalSection(SolutionProperties) = preSolution
		HideSolutionNode = FALSE
	EndGlobalSection
	GlobalSection(ExtensibilityGlobals) = postSolution
		SolutionGuid = {8B229295-C2F0-46C6-B4AE-F614B53DEE05}
	EndGlobalSection
EndGlobal
